Edge Computing If you can dream it, you can do it. Do what you love and the money will follow. Agile Great things never come from comfort zones. Predictive Analytics React Data Pipeline Monitoring The only way to do great work is to love what you do. Event-driven Architecture Pull Request API Gateway API Act as if what you do makes a difference. It does.
